
Microsoft Visual Studio Solution File, Format Version 12.00
# Visual Studio Version 17
VisualStudioVersion = 17.8.34309.116
MinimumVisualStudioVersion = 10.0.40219.1
Project("{FAE04EC0-301F-11D3-BF4B-00C04F79EFBC}") = "fundamentals", "fundamentals\fundamentals.csproj", "{DCC2D818-AE90-45C9-B464-320A58E977E5}"
EndProject
Project("{FAE04EC0-301F-11D3-BF4B-00C04F79EFBC}") = "Essentials", "Essentials\Essentials.csproj", "{A11FFC88-93A6-4694-BCC8-8BE956DC89DB}"
EndProject
Global
	GlobalSection(SolutionConfigurationPlatforms) = preSolution
		Debug|Any CPU = Debug|Any CPU
		Release|Any CPU = Release|Any CPU
	EndGlobalSection
	GlobalSection(ProjectConfigurationPlatforms) = postSolution
		{DCC2D818-AE90-45C9-B464-320A58E977E5}.Debug|Any CPU.ActiveCfg = Debug|Any CPU
		{DCC2D818-AE90-45C9-B464-320A58E977E5}.Debug|Any CPU.Build.0 = Debug|Any CPU
		{DCC2D818-AE90-45C9-B464-320A58E977E5}.Release|Any CPU.ActiveCfg = Release|Any CPU
		{DCC2D818-AE90-45C9-B464-320A58E977E5}.Release|Any CPU.Build.0 = Release|Any CPU
		{A11FFC88-93A6-4694-BCC8-8BE956DC89DB}.Debug|Any CPU.ActiveCfg = Debug|Any CPU
		{A11FFC88-93A6-4694-BCC8-8BE956DC89DB}.Debug|Any CPU.Build.0 = Debug|Any CPU
		{A11FFC88-93A6-4694-BCC8-8BE956DC89DB}.Release|Any CPU.ActiveCfg = Release|Any CPU
		{A11FFC88-93A6-4694-BCC8-8BE956DC89DB}.Release|Any CPU.Build.0 = Release|Any CPU
	EndGlobalSection
	GlobalSection(SolutionProperties) = preSolution
		HideSolutionNode = FALSE
	EndGlobalSection
	GlobalSection(ExtensibilityGlobals) = postSolution
		SolutionGuid = {18943454-B240-415E-94D6-3F66D8588E82}
	EndGlobalSection
EndGlobal
